
Microsoft Visual Studio Solution File, Format Version 12.00
# Visual Studio 15
VisualStudioVersion = 15.0.28307.852
MinimumVisualStudioVersion = 10.0.40219.1
Project("{FAE04EC0-301F-11D3-BF4B-00C04F79EFBC}") = "ConsoleApp2", "ConsoleApp2\ConsoleApp2.csproj", "{FDF49B73-B93E-4B87-9206-DBCAF9A4474B}"
EndProject
Global
	GlobalSection(SolutionConfigurationPlatforms) = preSolution
		Debug|Any CPU = Debug|Any CPU
		Release|Any CPU = Release|Any CPU
	EndGlobalSection
	GlobalSection(ProjectConfigurationPlatforms) = postSolution
		{FDF49B73-B93E-4B87-9206-DBCAF9A4474B}.Debug|Any CPU.ActiveCfg = Debug|Any CPU
		{FDF49B73-B93E-4B87-9206-DBCAF9A4474B}.Debug|Any CPU.Build.0 = Debug|Any CPU
		{FDF49B73-B93E-4B87-9206-DBCAF9A4474B}.Release|Any CPU.ActiveCfg = Release|Any CPU
		{FDF49B73-B93E-4B87-9206-DBCAF9A4474B}.Release|Any CPU.Build.0 = Release|Any CPU
	EndGlobalSection
	GlobalSection(SolutionProperties) = preSolution
		HideSolutionNode = FALSE
	EndGlobalSection
	GlobalSection(ExtensibilityGlobals) = postSolution
		SolutionGuid = {EAD8BB2D-BC59-4B82-8794-6522905BBBF2}
	EndGlobalSection
EndGlobal
